
Microsoft Visual Studio Solution File, Format Version 12.00
# Visual Studio Version 16
VisualStudioVersion = 16.0.33801.447
MinimumVisualStudioVersion = 10.0.40219.1
Project("{9A19103F-16F7-4668-BE54-9A1E7A4F7556}") = "DavidsBookStore", "DavidsBookStore\DavidsBookStore.csproj", "{2F925D0E-1AD9-431E-B179-97D3CE18B30D}"
EndProject
Project("{2150E333-8FDC-42A3-9474-1A3956D46DE8}") = "Solution Items", "Solution Items", "{8D461133-2E48-41BC-91B2-6AC1DDF42FE9}"
	ProjectSection(SolutionItems) = preProject
		.editorconfig = .editorconfig
	EndProjectSection
EndProject
Project("{FAE04EC0-301F-11D3-BF4B-00C04F79EFBC}") = "DavidsBooks.DataAccess", "DavidsBooks.DataAccess\DavidsBooks.DataAccess.csproj", "{4F466DCF-A6C2-4411-97C2-2CB156CBFE01}"
EndProject
Project("{FAE04EC0-301F-11D3-BF4B-00C04F79EFBC}") = "DavidsBooks.Models", "DavidsBooks.Models\DavidsBooks.Models.csproj", "{D49CA11A-5BAF-421B-B07B-91B10624DBF5}"
EndProject
Project("{FAE04EC0-301F-11D3-BF4B-00C04F79EFBC}") = "DavidsBooks.Utility", "DavidsBooks.Utility\DavidsBooks.Utility.csproj", "{D852829B-B7DD-4F44-B58F-C9466DC8CF54}"
EndProject
Global
	GlobalSection(SolutionConfigurationPlatforms) = preSolution
		Debug|Any CPU = Debug|Any CPU
		Release|Any CPU = Release|Any CPU
	EndGlobalSection
	GlobalSection(ProjectConfigurationPlatforms) = postSolution
		{2F925D0E-1AD9-431E-B179-97D3CE18B30D}.Debug|Any CPU.ActiveCfg = Debug|Any CPU
		{2F925D0E-1AD9-431E-B179-97D3CE18B30D}.Debug|Any CPU.Build.0 = Debug|Any CPU
		{2F925D0E-1AD9-431E-B179-97D3CE18B30D}.Release|Any CPU.ActiveCfg = Release|Any CPU
		{2F925D0E-1AD9-431E-B179-97D3CE18B30D}.Release|Any CPU.Build.0 = Release|Any CPU
		{4F466DCF-A6C2-4411-97C2-2CB156CBFE01}.Debug|Any CPU.ActiveCfg = Debug|Any CPU
		{4F466DCF-A6C2-4411-97C2-2CB156CBFE01}.Debug|Any CPU.Build.0 = Debug|Any CPU
		{4F466DCF-A6C2-4411-97C2-2CB156CBFE01}.Release|Any CPU.ActiveCfg = Release|Any CPU
		{4F466DCF-A6C2-4411-97C2-2CB156CBFE01}.Release|Any CPU.Build.0 = Release|Any CPU
		{D49CA11A-5BAF-421B-B07B-91B10624DBF5}.Debug|Any CPU.ActiveCfg = Debug|Any CPU
		{D49CA11A-5BAF-421B-B07B-91B10624DBF5}.Debug|Any CPU.Build.0 = Debug|Any CPU
		{D49CA11A-5BAF-421B-B07B-91B10624DBF5}.Release|Any CPU.ActiveCfg = Release|Any CPU
		{D49CA11A-5BAF-421B-B07B-91B10624DBF5}.Release|Any CPU.Build.0 = Release|Any CPU
		{D852829B-B7DD-4F44-B58F-C9466DC8CF54}.Debug|Any CPU.ActiveCfg = Debug|Any CPU
		{D852829B-B7DD-4F44-B58F-C9466DC8CF54}.Debug|Any CPU.Build.0 = Debug|Any CPU
		{D852829B-B7DD-4F44-B58F-C9466DC8CF54}.Release|Any CPU.ActiveCfg = Release|Any CPU
		{D852829B-B7DD-4F44-B58F-C9466DC8CF54}.Release|Any CPU.Build.0 = Release|Any CPU
	EndGlobalSection
	GlobalSection(SolutionProperties) = preSolution
		HideSolutionNode = FALSE
	EndGlobalSection
	GlobalSection(ExtensibilityGlobals) = postSolution
		SolutionGuid = {DF659FC1-2386-4C9B-A3CC-D934DAFCDE94}
	EndGlobalSection
EndGlobal
